
Microsoft Visual Studio Solution File, Format Version 12.00
# Visual Studio Version 17
VisualStudioVersion = 17.10.34928.147
MinimumVisualStudioVersion = 10.0.40219.1
Project("{FAE04EC0-301F-11D3-BF4B-00C04F79EFBC}") = "FibonacciSeriesMemoization", "FibonacciSeriesMemoization\FibonacciSeriesMemoization.csproj", "{C7C64F47-569B-4719-BF83-FE4A18DC5F93}"
EndProject
Global
	GlobalSection(SolutionConfigurationPlatforms) = preSolution
		Debug|Any CPU = Debug|Any CPU
		Release|Any CPU = Release|Any CPU
	EndGlobalSection
	GlobalSection(ProjectConfigurationPlatforms) = postSolution
		{C7C64F47-569B-4719-BF83-FE4A18DC5F93}.Debug|Any CPU.ActiveCfg = Debug|Any CPU
		{C7C64F47-569B-4719-BF83-FE4A18DC5F93}.Debug|Any CPU.Build.0 = Debug|Any CPU
		{C7C64F47-569B-4719-BF83-FE4A18DC5F93}.Release|Any CPU.ActiveCfg = Release|Any CPU
		{C7C64F47-569B-4719-BF83-FE4A18DC5F93}.Release|Any CPU.Build.0 = Release|Any CPU
	EndGlobalSection
	GlobalSection(SolutionProperties) = preSolution
		HideSolutionNode = FALSE
	EndGlobalSection
	GlobalSection(ExtensibilityGlobals) = postSolution
		SolutionGuid = {DA80F64A-61C9-49E9-AEA2-91203E857097}
	EndGlobalSection
EndGlobal
